// !$*UTF8*$!
{
	archiveVersion = 1;
	classes = {
	};
	objectVersion = 51;
	objects = {

/* Begin PBXBuildFile section */
		1EFFD682D57E20093051952A /* Pods_VamoLogo.framework in Frameworks */ = {isa = PBXBuildFile; fileRef = 30742398EAFD20866BA00BED /* Pods_VamoLogo.framework */; };
		62255D8E24DC436700F0D509 /* AppDelegate.swift in Sources */ = {isa = PBXBuildFile; fileRef = 62255D8D24DC436700F0D509 /* AppDelegate.swift */; };
		62255D9024DC436700F0D509 /* SceneDelegate.swift in Sources */ = {isa = PBXBuildFile; fileRef = 62255D8F24DC436700F0D509 /* SceneDelegate.swift */; };
		62255D9224DC436700F0D509 /* ViewController.swift in Sources */ = {isa = PBXBuildFile; fileRef = 62255D9124DC436700F0D509 /* ViewController.swift */; };
		62255D9524DC436700F0D509 /* Main.storyboard in Resources */ = {isa = PBXBuildFile; fileRef = 62255D9324DC436700F0D509 /* Main.storyboard */; };
		62255D9824DC436700F0D509 /* VamoLogo.xcdatamodeld in Sources */ = {isa = PBXBuildFile; fileRef = 62255D9624DC436700F0D509 /* VamoLogo.xcdatamodeld */; };
		62255D9A24DC436A00F0D509 /* Assets.xcassets in Resources */ = {isa = PBXBuildFile; fileRef = 62255D9924DC436A00F0D509 /* Assets.xcassets */; };
		62255D9D24DC436A00F0D509 /* LaunchScreen.storyboard in Resources */ = {isa = PBXBuildFile; fileRef = 62255D9B24DC436A00F0D509 /* LaunchScreen.storyboard */; };
		629CAB9A24E30DD1000979C9 /* ScanImageView.swift in Sources */ = {isa = PBXBuildFile; fileRef = 629CAB9924E30DD1000979C9 /* ScanImageView.swift */; };
		629CAB9E24E30E03000979C9 /* OcrTextView.swift in Sources */ = {isa = PBXBuildFile; fileRef = 629CAB9D24E30E03000979C9 /* OcrTextView.swift */; };
/* End PBXBuildFile section */

/* Begin PBXFileReference section */
		30742398EAFD20866BA00BED /* Pods_VamoLogo.framework */ = {isa = PBXFileReference; explicitFileType = wrapper.framework; includeInIndex = 0; path = Pods_VamoLogo.framework; sourceTree = BUILT_PRODUCTS_DIR; };
		62255D8A24DC436700F0D509 /* VamoLogo.app */ = {isa = PBXFileReference; explicitFileType = wrapper.application; includeInIndex = 0; path = VamoLogo.app; sourceTree = BUILT_PRODUCTS_DIR; };
		62255D8D24DC436700F0D509 /* AppDelegate.swift */ = {isa = PBXFileReference; lastKnownFileType = sourcecode.swift; path = AppDelegate.swift; sourceTree = "<group>"; };
		62255D8F24DC436700F0D509 /* SceneDelegate.swift */ = {isa = PBXFileReference; lastKnownFileType = sourcecode.swift; path = SceneDelegate.swift; sourceTree = "<group>"; };
		62255D9124DC436700F0D509 /* ViewController.swift */ = {isa = PBXFileReference; lastKnownFileType = sourcecode.swift; path = ViewController.swift; sourceTree = "<group>"; };
		62255D9424DC436700F0D509 /* Base */ = {isa = PBXFileReference; lastKnownFileType = file.storyboard; name = Base; path = Base.lproj/Main.storyboard; sourceTree = "<group>"; };
		62255D9724DC436700F0D509 /* VamoLogo.xcdatamodel */ = {isa = PBXFileReference; lastKnownFileType = wrapper.xcdatamodel; path = VamoLogo.xcdatamodel; sourceTree = "<group>"; };
		62255D9924DC436A00F0D509 /* Assets.xcassets */ = {isa = PBXFileReference; lastKnownFileType = folder.assetcatalog; path = Assets.xcassets; sourceTree = "<group>"; };
		62255D9C24DC436A00F0D509 /* Base */ = {isa = PBXFileReference; lastKnownFileType = file.storyboard; name = Base; path = Base.lproj/LaunchScreen.storyboard; sourceTree = "<group>"; };
		62255D9E24DC436A00F0D509 /* Info.plist */ = {isa = PBXFileReference; lastKnownFileType = text.plist.xml; path = Info.plist; sourceTree = "<group>"; };
		629CAB9924E30DD1000979C9 /* ScanImageView.swift */ = {isa = PBXFileReference; lastKnownFileType = sourcecode.swift; path = ScanImageView.swift; sourceTree = "<group>"; };
		629CAB9D24E30E03000979C9 /* OcrTextView.swift */ = {isa = PBXFileReference; lastKnownFileType = sourcecode.swift; path = OcrTextView.swift; sourceTree = "<group>"; };
		AA09B1D29ED70AEA06AAFD36 /* Pods-VamoLogo.release.xcconfig */ = {isa = PBXFileReference; includeInIndex = 1; lastKnownFileType = text.xcconfig; name = "Pods-VamoLogo.release.xcconfig"; path = "Target Support Files/Pods-VamoLogo/Pods-VamoLogo.release.xcconfig"; sourceTree = "<group>"; };
		D921F188896AF0C87677C01D /* Pods-VamoLogo.debug.xcconfig */ = {isa = PBXFileReference; includeInIndex = 1; lastKnownFileType = text.xcconfig; name = "Pods-VamoLogo.debug.xcconfig"; path = "Target Support Files/Pods-VamoLogo/Pods-VamoLogo.debug.xcconfig"; sourceTree = "<group>"; };
/* End PBXFileReference section */

/* Begin PBXFrameworksBuildPhase section */
		62255D8724DC436700F0D509 /* Frameworks */ = {
			isa = PBXFrameworksBuildPhase;
			buildActionMask = 2147483647;
			files = (
				1EFFD682D57E20093051952A /* Pods_VamoLogo.framework in Frameworks */,
			);
			runOnlyForDeploymentPostprocessing = 0;
		};
/* End PBXFrameworksBuildPhase section */

/* Begin PBXGroup section */
		453401B999C2E4C501ED849D /* Pods */ = {
			isa = PBXGroup;
			children = (
				D921F188896AF0C87677C01D /* Pods-VamoLogo.debug.xcconfig */,
				AA09B1D29ED70AEA06AAFD36 /* Pods-VamoLogo.release.xcconfig */,
			);
			path = Pods;
			sourceTree = "<group>";
		};
		62255D8124DC436700F0D509 = {
			isa = PBXGroup;
			children = (
				62255D8C24DC436700F0D509 /* VamoLogo */,
				62255D8B24DC436700F0D509 /* Products */,
				453401B999C2E4C501ED849D /* Pods */,
				9859DADAC6A3719C58EEA5E5 /* Frameworks */,
			);
			sourceTree = "<group>";
		};
		62255D8B24DC436700F0D509 /* Products */ = {
			isa = PBXGroup;
			children = (
				62255D8A24DC436700F0D509 /* VamoLogo.app */,
			);
			name = Products;
			sourceTree = "<group>";
		};
		62255D8C24DC436700F0D509 /* VamoLogo */ = {
			isa = PBXGroup;
			children = (
				62255D8D24DC436700F0D509 /* AppDelegate.swift */,
				62255D9124DC436700F0D509 /* ViewController.swift */,
				629CAB9924E30DD1000979C9 /* ScanImageView.swift */,
				629CAB9D24E30E03000979C9 /* OcrTextView.swift */,
				62255D8F24DC436700F0D509 /* SceneDelegate.swift */,
				62255D9324DC436700F0D509 /* Main.storyboard */,
				62255D9B24DC436A00F0D509 /* LaunchScreen.storyboard */,
				62255D9924DC436A00F0D509 /* Assets.xcassets */,
				62255D9E24DC436A00F0D509 /* Info.plist */,
				62255D9624DC436700F0D509 /* VamoLogo.xcdatamodeld */,
			);
			path = VamoLogo;
			sourceTree = "<group>";
		};
		9859DADAC6A3719C58EEA5E5 /* Frameworks */ = {
			isa = PBXGroup;
			children = (
				30742398EAFD20866BA00BED /* Pods_VamoLogo.framework */,
			);
			name = Frameworks;
			sourceTree = "<group>";
		};
/* End PBXGroup section */

/* Begin PBXNativeTarget section */
		62255D8924DC436700F0D509 /* VamoLogo */ = {
			isa = PBXNativeTarget;
			buildConfigurationList = 62255DA124DC436A00F0D509 /* Build configuration list for PBXNativeTarget "VamoLogo" */;
			buildPhases = (
				4BB1AC3F4A4DFA9951D9F912 /* [CP] Check Pods Manifest.lock */,
				62255D8624DC436700F0D509 /* Sources */,
				62255D8724DC436700F0D509 /* Frameworks */,
				62255D8824DC436700F0D509 /* Resources */,
				D885B2737FEA97433CD45A06 /* [CP] Embed Pods Frameworks */,
			);
			buildRules = (
			);
			dependencies = (
			);
			name = VamoLogo;
			productName = VamoLogo;
			productReference = 62255D8A24DC436700F0D509 /* VamoLogo.app */;
			productType = "com.apple.product-type.application";
		};
/* End PBXNativeTarget section */

/* Begin PBXProject section */
		62255D8224DC436700F0D509 /* Project object */ = {
			isa = PBXProject;
			attributes = {
				LastSwiftUpdateCheck = 1160;
				LastUpgradeCheck = 1160;
				ORGANIZATIONNAME = "Leonardo Mello";
				TargetAttributes = {
					62255D8924DC436700F0D509 = {
						CreatedOnToolsVersion = 11.6;
					};
				};
			};
			buildConfigurationList = 62255D8524DC436700F0D509 /* Build configuration list for PBXProject "VamoLogo" */;
			compatibilityVersion = "Xcode 9.3";
			developmentRegion = en;
			hasScannedForEncodings = 0;
			knownRegions = (
				en,
				Base,
			);
			mainGroup = 62255D8124DC436700F0D509;
			productRefGroup = 62255D8B24DC436700F0D509 /* Products */;
			projectDirPath = "";
			projectRoot = "";
			targets = (
				62255D8924DC436700F0D509 /* VamoLogo */,
			);
		};
/* End PBXProject section */

/* Begin PBXResourcesBuildPhase section */
		62255D8824DC436700F0D509 /* Resources */ = {
			isa = PBXResourcesBuildPhase;
			buildActionMask = 2147483647;
			files = (
				62255D9D24DC436A00F0D509 /* LaunchScreen.storyboard in Resources */,
				62255D9A24DC436A00F0D509 /* Assets.xcassets in Resources */,
				62255D9524DC436700F0D509 /* Main.storyboard in Resources */,
			);
			runOnlyForDeploymentPostprocessing = 0;
		};
/* End PBXResourcesBuildPhase section */

/* Begin PBXShellScriptBuildPhase section */
		4BB1AC3F4A4DFA9951D9F912 /* [CP] Check Pods Manifest.lock */ = {
			isa = PBXShellScriptBuildPhase;
			buildActionMask = 2147483647;
			files = (
			);
			inputFileListPaths = (
			);
			inputPaths = (
				"${PODS_PODFILE_DIR_PATH}/Podfile.lock",
				"${PODS_ROOT}/Manifest.lock",
			);
			name = "[CP] Check Pods Manifest.lock";
			outputFileListPaths = (
			);
			outputPaths = (
				"$(DERIVED_FILE_DIR)/Pods-VamoLogo-checkManifestLockResult.txt",
			);
			runOnlyForDeploymentPostprocessing = 0;
			shellPath = /bin/sh;
			shellScript = "diff \"${PODS_PODFILE_DIR_PATH}/Podfile.lock\" \"${PODS_ROOT}/Manifest.lock\" > /dev/null\nif [ $? != 0 ] ; then\n    # print error to STDERR\n    echo \"error: The sandbox is not in sync with the Podfile.lock. Run 'pod install' or update your CocoaPods installation.\" >&2\n    exit 1\nfi\n# This output is used by Xcode 'outputs' to avoid re-running this script phase.\necho \"SUCCESS\" > \"${SCRIPT_OUTPUT_FILE_0}\"\n";
			showEnvVarsInLog = 0;
		};
		D885B2737FEA97433CD45A06 /* [CP] Embed Pods Frameworks */ = {
			isa = PBXShellScriptBuildPhase;
			buildActionMask = 2147483647;
			files = (
			);
			inputFileListPaths = (
				"${PODS_ROOT}/Target Support Files/Pods-VamoLogo/Pods-VamoLogo-frameworks-${CONFIGURATION}-input-files.xcfilelist",
			);
			name = "[CP] Embed Pods Frameworks";
			outputFileListPaths = (
				"${PODS_ROOT}/Target Support Files/Pods-VamoLogo/Pods-VamoLogo-frameworks-${CONFIGURATION}-output-files.xcfilelist",
			);
			runOnlyForDeploymentPostprocessing = 0;
			shellPath = /bin/sh;
			shellScript = "\"${PODS_ROOT}/Target Support Files/Pods-VamoLogo/Pods-VamoLogo-frameworks.sh\"\n";
			showEnvVarsInLog = 0;
		};
/* End PBXShellScriptBuildPhase section */

/* Begin PBXSourcesBuildPhase section */
		62255D8624DC436700F0D509 /* Sources */ = {
			isa = PBXSourcesBuildPhase;
			buildActionMask = 2147483647;
			files = (
				629CAB9E24E30E03000979C9 /* OcrTextView.swift in Sources */,
				62255D9224DC436700F0D509 /* ViewController.swift in Sources */,
				62255D9824DC436700F0D509 /* VamoLogo.xcdatamodeld in Sources */,
				62255D8E24DC436700F0D509 /* AppDelegate.swift in Sources */,
				62255D9024DC436700F0D509 /* SceneDelegate.swift in Sources */,
				629CAB9A24E30DD1000979C9 /* ScanImageView.swift in Sources */,
			);
			runOnlyForDeploymentPostprocessing = 0;
		};
/* End PBXSourcesBuildPhase section */

/* Begin PBXVariantGroup section */
		62255D9324DC436700F0D509 /* Main.storyboard */ = {
			isa = PBXVariantGroup;
			children = (
				62255D9424DC436700F0D509 /* Base */,
			);
			name = Main.storyboard;
			sourceTree = "<group>";
		};
		62255D9B24DC436A00F0D509 /* LaunchScreen.storyboard */ = {
			isa = PBXVariantGroup;
			children = (
				62255D9C24DC436A00F0D509 /* Base */,
			);
			name = LaunchScreen.storyboard;
			sourceTree = "<group>";
		};
/* End PBXVariantGroup section */

/* Begin XCBuildConfiguration section */
		62255D9F24DC436A00F0D509 /* Debug */ = {
			isa = XCBuildConfiguration;
			buildSettings = {
				ALWAYS_SEARCH_USER_PATHS = NO;
				CLANG_ANALYZER_NONNULL = YES;
				CLANG_ANALYZER_NUMBER_OBJECT_CONVERSION = YES_AGGRESSIVE;
				CLANG_CXX_LANGUAGE_STANDARD = "gnu++14";
				CLANG_CXX_LIBRARY = "libc++";
				CLANG_ENABLE_MODULES = YES;
				CLANG_ENABLE_OBJC_ARC = YES;
				CLANG_ENABLE_OBJC_WEAK = YES;
				CLANG_WARN_BLOCK_CAPTURE_AUTORELEASING = YES;
				CLANG_WARN_BOOL_CONVERSION = YES;
				CLANG_WARN_COMMA = YES;
				CLANG_WARN_CONSTANT_CONVERSION = YES;
				CLANG_WARN_DEPRECATED_OBJC_IMPLEMENTATIONS = YES;
				CLANG_WARN_DIRECT_OBJC_ISA_USAGE = YES_ERROR;
				CLANG_WARN_DOCUMENTATION_COMMENTS = YES;
				CLANG_WARN_EMPTY_BODY = YES;
				CLANG_WARN_ENUM_CONVERSION = YES;
				CLANG_WARN_INFINITE_RECURSION = YES;
				CLANG_WARN_INT_CONVERSION = YES;
				CLANG_WARN_NON_LITERAL_NULL_CONVERSION = YES;
				CLANG_WARN_OBJC_IMPLICIT_RETAIN_SELF = YES;
				CLANG_WARN_OBJC_LITERAL_CONVERSION = YES;
				CLANG_WARN_OBJC_ROOT_CLASS = YES_ERROR;
				CLANG_WARN_RANGE_LOOP_ANALYSIS = YES;
				CLANG_WARN_STRICT_PROTOTYPES = YES;
				CLANG_WARN_SUSPICIOUS_MOVE = YES;
				CLANG_WARN_UNGUARDED_AVAILABILITY = YES_AGGRESSIVE;
				CLANG_WARN_UNREACHABLE_CODE = YES;
				CLANG_WARN__DUPLICATE_METHOD_MATCH = YES;
				COPY_PHASE_STRIP = NO;
				DEBUG_INFORMATION_FORMAT = dwarf;
				ENABLE_STRICT_OBJC_MSGSEND = YES;
				ENABLE_TESTABILITY = YES;
				GCC_C_LANGUAGE_STANDARD = gnu11;
				GCC_DYNAMIC_NO_PIC = NO;
				GCC_NO_COMMON_BLOCKS = YES;
				GCC_OPTIMIZATION_LEVEL = 0;
				GCC_PREPROCESSOR_DEFINITIONS = (
					"DEBUG=1",
					"$(inherited)",
				);
				GCC_WARN_64_TO_32_BIT_CONVERSION = YES;
				GCC_WARN_ABOUT_RETURN_TYPE = YES_ERROR;
				GCC_WARN_UNDECLARED_SELECTOR = YES;
				GCC_WARN_UNINITIALIZED_AUTOS = YES_AGGRESSIVE;
				GCC_WARN_UNUSED_FUNCTION = YES;
				GCC_WARN_UNUSED_VARIABLE = YES;
				IPHONEOS_DEPLOYMENT_TARGET = 13.6;
				MTL_ENABLE_DEBUG_INFO = INCLUDE_SOURCE;
				MTL_FAST_MATH = YES;
				ONLY_ACTIVE_ARCH = YES;
				SDKROOT = iphoneos;
				SWIFT_ACTIVE_COMPILATION_CONDITIONS = DEBUG;
				SWIFT_OPTIMIZATION_LEVEL = "-Onone";
			};
			name = Debug;
		};
		62255DA024DC436A00F0D509 /* Release */ = {
			isa = XCBuildConfiguration;
			buildSettings = {
				ALWAYS_SEARCH_USER_PATHS = NO;
				CLANG_ANALYZER_NONNULL = YES;
				CLANG_ANALYZER_NUMBER_OBJECT_CONVERSION = YES_AGGRESSIVE;
				CLANG_CXX_LANGUAGE_STANDARD = "gnu++14";
				CLANG_CXX_LIBRARY = "libc++";
				CLANG_ENABLE_MODULES = YES;
				CLANG_ENABLE_OBJC_ARC = YES;
				CLANG_ENABLE_OBJC_WEAK = YES;
				CLANG_WARN_BLOCK_CAPTURE_AUTORELEASING = YES;
				CLANG_WARN_BOOL_CONVERSION = YES;
				CLANG_WARN_COMMA = YES;
				CLANG_WARN_CONSTANT_CONVERSION = YES;
				CLANG_WARN_DEPRECATED_OBJC_IMPLEMENTATIONS = YES;
				CLANG_WARN_DIRECT_OBJC_ISA_USAGE = YES_ERROR;
				CLANG_WARN_DOCUMENTATION_COMMENTS = YES;
				CLANG_WARN_EMPTY_BODY = YES;
				CLANG_WARN_ENUM_CONVERSION = YES;
				CLANG_WARN_INFINITE_RECURSION = YES;
				CLANG_WARN_INT_CONVERSION = YES;
				CLANG_WARN_NON_LITERAL_NULL_CONVERSION = YES;
				CLANG_WARN_OBJC_IMPLICIT_RETAIN_SELF = YES;
				CLANG_WARN_OBJC_LITERAL_CONVERSION = YES;
				CLANG_WARN_OBJC_ROOT_CLASS = YES_ERROR;
				CLANG_WARN_RANGE_LOOP_ANALYSIS = YES;
				CLANG_WARN_STRICT_PROTOTYPES = YES;
				CLANG_WARN_SUSPICIOUS_MOVE = YES;
				CLANG_WARN_UNGUARDED_AVAILABILITY = YES_AGGRESSIVE;
				CLANG_WARN_UNREACHABLE_CODE = YES;
				CLANG_WARN__DUPLICATE_METHOD_MATCH = YES;
				COPY_PHASE_STRIP = NO;
				DEBUG_INFORMATION_FORMAT = "dwarf-with-dsym";
				ENABLE_NS_ASSERTIONS = NO;
				ENABLE_STRICT_OBJC_MSGSEND = YES;
				GCC_C_LANGUAGE_STANDARD = gnu11;
				GCC_NO_COMMON_BLOCKS = YES;
				GCC_WARN_64_TO_32_BIT_CONVERSION = YES;
				GCC_WARN_ABOUT_RETURN_TYPE = YES_ERROR;
				GCC_WARN_UNDECLARED_SELECTOR = YES;
				GCC_WARN_UNINITIALIZED_AUTOS = YES_AGGRESSIVE;
				GCC_WARN_UNUSED_FUNCTION = YES;
				GCC_WARN_UNUSED_VARIABLE = YES;
				IPHONEOS_DEPLOYMENT_TARGET = 13.6;
				MTL_ENABLE_DEBUG_INFO = NO;
				MTL_FAST_MATH = YES;
				SDKROOT = iphoneos;
				SWIFT_COMPILATION_MODE = wholemodule;
				SWIFT_OPTIMIZATION_LEVEL = "-O";
				VALIDATE_PRODUCT = YES;
			};
			name = Release;
		};
		62255DA224DC436A00F0D509 /* Debug */ = {
			isa = XCBuildConfiguration;
			baseConfigurationReference = D921F188896AF0C87677C01D /* Pods-VamoLogo.debug.xcconfig */;
			buildSettings = {
				ASSETCATALOG_COMPILER_APPICON_NAME = AppIcon;
				CODE_SIGN_STYLE = Automatic;
				DEVELOPMENT_TEAM = 3GT25T74C9;
				INFOPLIST_FILE = VamoLogo/Info.plist;
				LD_RUNPATH_SEARCH_PATHS = (
					"$(inherited)",
					"@executable_path/Frameworks",
				);
				PRODUCT_BUNDLE_IDENTIFIER = Zaffari.TextRecog;
				PRODUCT_NAME = "$(TARGET_NAME)";
				SWIFT_VERSION = 5.0;
				TARGETED_DEVICE_FAMILY = "1,2";
			};
			name = Debug;
		};
		62255DA324DC436A00F0D509 /* Release */ = {
			isa = XCBuildConfiguration;
			baseConfigurationReference = AA09B1D29ED70AEA06AAFD36 /* Pods-VamoLogo.release.xcconfig */;
			buildSettings = {
				ASSETCATALOG_COMPILER_APPICON_NAME = AppIcon;
				CODE_SIGN_STYLE = Automatic;
				DEVELOPMENT_TEAM = 3GT25T74C9;
				INFOPLIST_FILE = VamoLogo/Info.plist;
				LD_RUNPATH_SEARCH_PATHS = (
					"$(inherited)",
					"@executable_path/Frameworks",
				);
				PRODUCT_BUNDLE_IDENTIFIER = Zaffari.TextRecog;
				PRODUCT_NAME = "$(TARGET_NAME)";
				SWIFT_VERSION = 5.0;
				TARGETED_DEVICE_FAMILY = "1,2";
			};
			name = Release;
		};
/* End XCBuildConfiguration section */

/* Begin XCConfigurationList section */
		62255D8524DC436700F0D509 /* Build configuration list for PBXProject "VamoLogo" */ = {
			isa = XCConfigurationList;
			buildConfigurations = (
				62255D9F24DC436A00F0D509 /* Debug */,
				62255DA024DC436A00F0D509 /* Release */,
			);
			defaultConfigurationIsVisible = 0;
			defaultConfigurationName = Release;
		};
		62255DA124DC436A00F0D509 /* Build configuration list for PBXNativeTarget "VamoLogo" */ = {
			isa = XCConfigurationList;
			buildConfigurations = (
				62255DA224DC436A00F0D509 /* Debug */,
				62255DA324DC436A00F0D509 /* Release */,
			);
			defaultConfigurationIsVisible = 0;
			defaultConfigurationName = Release;
		};
/* End XCConfigurationList section */

/* Begin XCVersionGroup section */
		62255D9624DC436700F0D509 /* VamoLogo.xcdatamodeld */ = {
			isa = XCVersionGroup;
			children = (
				62255D9724DC436700F0D509 /* VamoLogo.xcdatamodel */,
			);
			currentVersion = 62255D9724DC436700F0D509 /* VamoLogo.xcdatamodel */;
			path = VamoLogo.xcdatamodeld;
			sourceTree = "<group>";
			versionGroupType = wrapper.xcdatamodel;
		};
/* End XCVersionGroup section */
	};
	rootObject = 62255D8224DC436700F0D509 /* Project object */;
}
